Microsoft Visual Studio Solution File, Format Version 7.00
Project("{8BC9CEB8-8B4A-11D0-8D11-00A0C91BC942}") = "Maze", "Maze.vcproj", "{7D2D820F-411E-4816-BA4E-9A29627DABD8}"
EndProject
Global
	GlobalSection(SourceCodeControl) = preSolution
		SccNumberOfProjects = 1
		SccProjectUniqueName0 = Maze.vcproj
		SccProjectName0 = Maze
		SccLocalPath0 = .
		SccProvider0 = MSSCCI:Microsoft\u0020Visual\u0020SourceSafe
	EndGlobalSection
	GlobalSection(SolutionConfiguration) = preSolution
		ConfigName.0 = Debug
		ConfigName.1 = Release
	EndGlobalSection
	GlobalSection(ProjectDependencies) = postSolution
	EndGlobalSection
	GlobalSection(ProjectConfiguration) = postSolution
		{7D2D820F-411E-4816-BA4E-9A29627DABD8}.Debug.ActiveCfg = Debug|Win32
		{7D2D820F-411E-4816-BA4E-9A29627DABD8}.Debug.Build.0 = Debug|Win32
		{7D2D820F-411E-4816-BA4E-9A29627DABD8}.Release.ActiveCfg = Release|Win32
		{7D2D820F-411E-4816-BA4E-9A29627DABD8}.Release.Build.0 = Release|Win32
	EndGlobalSection
	GlobalSection(ExtensibilityGlobals) = postSolution
	EndGlobalSection
	GlobalSection(ExtensibilityAddIns) = postSolution
	EndGlobalSection
EndGlobal
